
Microsoft Visual Studio Solution File, Format Version 12.00
Project("{2150E333-8FDC-42A3-9474-1A3956D46DE8}") = "src", "src", "{AC56DAD8-C5AB-4E41-A280-1BCC08A2BE60}"
EndProject
Project("{FAE04EC0-301F-11D3-BF4B-00C04F79EFBC}") = "Fake.Core", "src\Fake.Core\Fake.Core.csproj", "{50A2B676-5383-4A7A-A6F4-852D7D5C5342}"
EndProject
Project("{2150E333-8FDC-42A3-9474-1A3956D46DE8}") = "benchmarks", "benchmarks", "{F2F8BC8B-5122-4D63-9D90-2FDF5C6E7F7A}"
EndProject
Project("{FAE04EC0-301F-11D3-BF4B-00C04F79EFBC}") = "Fake.Core.Benchmarks", "benchmarks\Fake.Core.Benchmarks\Fake.Core.Benchmarks.csproj", "{D71E1E01-64CE-490E-B5B6-0BA432B805C7}"
EndProject
Project("{2150E333-8FDC-42A3-9474-1A3956D46DE8}") = "tests", "tests", "{310D0E30-AC20-44C8-B0A2-155C880ED934}"
EndProject
Project("{FAE04EC0-301F-11D3-BF4B-00C04F79EFBC}") = "Fake.Core.Tests", "tests\Fake.Core.Tests\Fake.Core.Tests.csproj", "{930E63CA-E2F0-4465-9732-0B58499E6D2F}"
EndProject
Project("{FAE04EC0-301F-11D3-BF4B-00C04F79EFBC}") = "AFakeTestEntry", "tests\AFakeTestEntry\AFakeTestEntry.csproj", "{A93D4EAE-90BE-4C9B-9970-5C1C8E1B994D}"
EndProject
Project("{FAE04EC0-301F-11D3-BF4B-00C04F79EFBC}") = "Fake.Auditing", "src\Fake.Auditing\Fake.Auditing.csproj", "{B37055D3-4031-4FF1-9668-926D0431BCCE}"
EndProject
Project("{2150E333-8FDC-42A3-9474-1A3956D46DE8}") = "solution items", "solution items", "{39FED9F7-23E6-43A4-B478-B914A2E805D0}"
	ProjectSection(SolutionItems) = preProject
		NuGet.Config = NuGet.Config
		.gitignore = .gitignore
		README.md = README.md
		common.props = common.props
		common.test.props = common.test.props
		common.toolkit.props = common.toolkit.props
		configureawait.props = configureawait.props
		Directory.Build.props = Directory.Build.props
		Fake.sln.DotSettings = Fake.sln.DotSettings
	EndProjectSection
EndProject
Project("{FAE04EC0-301F-11D3-BF4B-00C04F79EFBC}") = "Fake.AspNetCore", "src\Fake.AspNetCore\Fake.AspNetCore.csproj", "{57E821A6-AE7A-40E4-9C32-23A26E90102E}"
EndProject
Project("{2150E333-8FDC-42A3-9474-1A3956D46DE8}") = "toolkit", "toolkit", "{A2A27924-EED0-4A13-B7F2-949F11F9F9B6}"
EndProject
Project("{FAE04EC0-301F-11D3-BF4B-00C04F79EFBC}") = "Faker.ReplaceFileName", "toolkit\Faker.ReplaceFileName\Faker.ReplaceFileName.csproj", "{26293D9D-5A8A-4438-8446-192C9A1E3727}"
EndProject
Project("{FAE04EC0-301F-11D3-BF4B-00C04F79EFBC}") = "Fake.Castle", "src\Fake.Castle\Fake.Castle.csproj", "{E2CA82E6-F762-4208-8ABC-CF464404FED2}"
EndProject
Project("{FAE04EC0-301F-11D3-BF4B-00C04F79EFBC}") = "Fake.Auditing.Tests", "tests\Fake.Auditing.Tests\Fake.Auditing.Tests.csproj", "{18CD3533-6778-46E1-B175-448D15543F8C}"
EndProject
Project("{FAE04EC0-301F-11D3-BF4B-00C04F79EFBC}") = "Fake.Testing", "src\Fake.Testing\Fake.Testing.csproj", "{CF5FE6C5-FE2C-4824-9AEC-E4E48D6D5E62}"
EndProject
Project("{FAE04EC0-301F-11D3-BF4B-00C04F79EFBC}") = "Fake.Autofac", "src\Fake.Autofac\Fake.Autofac.csproj", "{849F760C-2A52-4D51-9107-976FBC5DA0DE}"
EndProject
Project("{2150E333-8FDC-42A3-9474-1A3956D46DE8}") = "simple", "simple", "{195205BB-D2B1-4638-B3F9-CDC15AFDD9A5}"
EndProject
Project("{FAE04EC0-301F-11D3-BF4B-00C04F79EFBC}") = "SimpleConsoleDemo", "simple\SimpleConsoleDemo\SimpleConsoleDemo.csproj", "{4389A0C4-1714-4763-B4CE-94D38C23B6B5}"
EndProject
Project("{FAE04EC0-301F-11D3-BF4B-00C04F79EFBC}") = "Fake.UnitOfWork", "src\Fake.UnitOfWork\Fake.UnitOfWork.csproj", "{F2F8DDE9-F6B2-4415-9306-607F7CE45588}"
EndProject
Project("{FAE04EC0-301F-11D3-BF4B-00C04F79EFBC}") = "Fake.Identity", "src\Fake.Identity\Fake.Identity.csproj", "{94E5CFBE-436F-4639-B103-31C607EAF441}"
EndProject
Project("{FAE04EC0-301F-11D3-BF4B-00C04F79EFBC}") = "Fake.EntityFrameworkCore", "src\Fake.EntityFrameworkCore\Fake.EntityFrameworkCore.csproj", "{507825BD-B352-4646-85EA-A893CF3221CF}"
EndProject
Project("{FAE04EC0-301F-11D3-BF4B-00C04F79EFBC}") = "Fake.Json.SystemTextJson", "src\Fake.Json.SystemTextJson\Fake.Json.SystemTextJson.csproj", "{E18147A9-5D72-4101-AC2A-44AF8D710E86}"
EndProject
Project("{FAE04EC0-301F-11D3-BF4B-00C04F79EFBC}") = "Fake.Autofac.Tests", "tests\Fake.Autofac.Tests\Fake.Autofac.Tests.csproj", "{9B22DE9A-C927-4B69-B349-D46E1EEBA0BF}"
EndProject
Project("{FAE04EC0-301F-11D3-BF4B-00C04F79EFBC}") = "Fake.AspNetCore.Tests", "tests\Fake.AspNetCore.Tests\Fake.AspNetCore.Tests.csproj", "{EE3DA6E0-BD1D-422C-8871-B5423E14D9B1}"
EndProject
Project("{FAE04EC0-301F-11D3-BF4B-00C04F79EFBC}") = "Fake.UnitOfWork.Tests", "tests\Fake.UnitOfWork.Tests\Fake.UnitOfWork.Tests.csproj", "{AFEF33F5-295F-463C-A083-CDEDFA72A252}"
EndProject
Project("{FAE04EC0-301F-11D3-BF4B-00C04F79EFBC}") = "Fake.VirtualFileSystem", "src\Fake.VirtualFileSystem\Fake.VirtualFileSystem.csproj", "{A51FA6B0-9E13-4A45-A46F-0BCB667DC995}"
EndProject
Project("{FAE04EC0-301F-11D3-BF4B-00C04F79EFBC}") = "Fake.Localization", "src\Fake.Localization\Fake.Localization.csproj", "{983705E4-101F-4EDA-9B09-9FEF16257CE9}"
EndProject
Project("{FAE04EC0-301F-11D3-BF4B-00C04F79EFBC}") = "Fake.Localization.Tests", "tests\Fake.Localization.Tests\Fake.Localization.Tests.csproj", "{F2BC0BDA-3EA2-42EA-A900-2A381EB650B8}"
EndProject
Project("{FAE04EC0-301F-11D3-BF4B-00C04F79EFBC}") = "Fake.VirtualFileSytem.Tests", "tests\Fake.VirtualFileSytem.Tests\Fake.VirtualFileSytem.Tests.csproj", "{EDEB6423-64ED-462A-BFAB-270EE436944D}"
EndProject
Project("{FAE04EC0-301F-11D3-BF4B-00C04F79EFBC}") = "Fake.EntityFrameworkCore.Tests", "tests\Fake.EntityFrameworkCore.Tests\Fake.EntityFrameworkCore.Tests.csproj", "{9D7D6527-1E06-4457-8D8A-D7A6A91F2C7A}"
EndProject
Project("{FAE04EC0-301F-11D3-BF4B-00C04F79EFBC}") = "Fake.AppTests", "tests\Fake.AppTests\Fake.AppTests.csproj", "{31864311-83DA-4F7D-9DC1-3D8C1E667BAD}"
EndProject
Project("{FAE04EC0-301F-11D3-BF4B-00C04F79EFBC}") = "Fake.Ddd.Domain", "src\Fake.Ddd.Domain\Fake.Ddd.Domain.csproj", "{67A25A30-9D91-4D51-9B79-AD1BE08BDEB9}"
EndProject
Project("{FAE04EC0-301F-11D3-BF4B-00C04F79EFBC}") = "Fake.EventBus", "src\Fake.EventBus\Fake.EventBus.csproj", "{AFA214FC-3902-40D6-95E5-DD8516C61926}"
EndProject
Project("{FAE04EC0-301F-11D3-BF4B-00C04F79EFBC}") = "Fake.EventBus.RabbitMQ", "src\Fake.EventBus.RabbitMQ\Fake.EventBus.RabbitMQ.csproj", "{9003CD4C-3B5C-4BF7-83C3-37C078209476}"
EndProject
Project("{FAE04EC0-301F-11D3-BF4B-00C04F79EFBC}") = "Fake.RabbitMQ", "src\Fake.RabbitMQ\Fake.RabbitMQ.csproj", "{9C12BDF1-4745-4B3F-9979-B61CCAB93E9D}"
EndProject
Project("{FAE04EC0-301F-11D3-BF4B-00C04F79EFBC}") = "Fake.EntityFrameworkCore.IntegrationEventLog", "src\Fake.EntityFrameworkCore.IntegrationEventLog\Fake.EntityFrameworkCore.IntegrationEventLog.csproj", "{8A110FDF-BF6A-4C78-A1DF-326E7CABC7D4}"
EndProject
Project("{FAE04EC0-301F-11D3-BF4B-00C04F79EFBC}") = "Fake.EventBus.Tests", "tests\Fake.EventBus.Tests\Fake.EventBus.Tests.csproj", "{3087C7AA-17B7-4187-8AB4-7ADB1038C0D8}"
EndProject
Global
	GlobalSection(SolutionConfigurationPlatforms) = preSolution
		Debug|Any CPU = Debug|Any CPU
		Release|Any CPU = Release|Any CPU
	EndGlobalSection
	GlobalSection(ProjectConfigurationPlatforms) = postSolution
		{50A2B676-5383-4A7A-A6F4-852D7D5C5342}.Debug|Any CPU.ActiveCfg = Debug|Any CPU
		{50A2B676-5383-4A7A-A6F4-852D7D5C5342}.Debug|Any CPU.Build.0 = Debug|Any CPU
		{50A2B676-5383-4A7A-A6F4-852D7D5C5342}.Release|Any CPU.ActiveCfg = Release|Any CPU
		{50A2B676-5383-4A7A-A6F4-852D7D5C5342}.Release|Any CPU.Build.0 = Release|Any CPU
		{D71E1E01-64CE-490E-B5B6-0BA432B805C7}.Debug|Any CPU.ActiveCfg = Debug|Any CPU
		{D71E1E01-64CE-490E-B5B6-0BA432B805C7}.Debug|Any CPU.Build.0 = Debug|Any CPU
		{D71E1E01-64CE-490E-B5B6-0BA432B805C7}.Release|Any CPU.ActiveCfg = Release|Any CPU
		{D71E1E01-64CE-490E-B5B6-0BA432B805C7}.Release|Any CPU.Build.0 = Release|Any CPU
		{930E63CA-E2F0-4465-9732-0B58499E6D2F}.Debug|Any CPU.ActiveCfg = Debug|Any CPU
		{930E63CA-E2F0-4465-9732-0B58499E6D2F}.Debug|Any CPU.Build.0 = Debug|Any CPU
		{930E63CA-E2F0-4465-9732-0B58499E6D2F}.Release|Any CPU.ActiveCfg = Release|Any CPU
		{930E63CA-E2F0-4465-9732-0B58499E6D2F}.Release|Any CPU.Build.0 = Release|Any CPU
		{A93D4EAE-90BE-4C9B-9970-5C1C8E1B994D}.Debug|Any CPU.ActiveCfg = Debug|Any CPU
		{A93D4EAE-90BE-4C9B-9970-5C1C8E1B994D}.Debug|Any CPU.Build.0 = Debug|Any CPU
		{A93D4EAE-90BE-4C9B-9970-5C1C8E1B994D}.Release|Any CPU.ActiveCfg = Release|Any CPU
		{A93D4EAE-90BE-4C9B-9970-5C1C8E1B994D}.Release|Any CPU.Build.0 = Release|Any CPU
		{B37055D3-4031-4FF1-9668-926D0431BCCE}.Debug|Any CPU.ActiveCfg = Debug|Any CPU
		{B37055D3-4031-4FF1-9668-926D0431BCCE}.Debug|Any CPU.Build.0 = Debug|Any CPU
		{B37055D3-4031-4FF1-9668-926D0431BCCE}.Release|Any CPU.ActiveCfg = Release|Any CPU
		{B37055D3-4031-4FF1-9668-926D0431BCCE}.Release|Any CPU.Build.0 = Release|Any CPU
		{57E821A6-AE7A-40E4-9C32-23A26E90102E}.Debug|Any CPU.ActiveCfg = Debug|Any CPU
		{57E821A6-AE7A-40E4-9C32-23A26E90102E}.Debug|Any CPU.Build.0 = Debug|Any CPU
		{57E821A6-AE7A-40E4-9C32-23A26E90102E}.Release|Any CPU.ActiveCfg = Release|Any CPU
		{57E821A6-AE7A-40E4-9C32-23A26E90102E}.Release|Any CPU.Build.0 = Release|Any CPU
		{26293D9D-5A8A-4438-8446-192C9A1E3727}.Debug|Any CPU.ActiveCfg = Debug|Any CPU
		{26293D9D-5A8A-4438-8446-192C9A1E3727}.Debug|Any CPU.Build.0 = Debug|Any CPU
		{26293D9D-5A8A-4438-8446-192C9A1E3727}.Release|Any CPU.ActiveCfg = Release|Any CPU
		{26293D9D-5A8A-4438-8446-192C9A1E3727}.Release|Any CPU.Build.0 = Release|Any CPU
		{E2CA82E6-F762-4208-8ABC-CF464404FED2}.Debug|Any CPU.ActiveCfg = Debug|Any CPU
		{E2CA82E6-F762-4208-8ABC-CF464404FED2}.Debug|Any CPU.Build.0 = Debug|Any CPU
		{E2CA82E6-F762-4208-8ABC-CF464404FED2}.Release|Any CPU.ActiveCfg = Release|Any CPU
		{E2CA82E6-F762-4208-8ABC-CF464404FED2}.Release|Any CPU.Build.0 = Release|Any CPU
		{18CD3533-6778-46E1-B175-448D15543F8C}.Debug|Any CPU.ActiveCfg = Debug|Any CPU
		{18CD3533-6778-46E1-B175-448D15543F8C}.Debug|Any CPU.Build.0 = Debug|Any CPU
		{18CD3533-6778-46E1-B175-448D15543F8C}.Release|Any CPU.ActiveCfg = Release|Any CPU
		{18CD3533-6778-46E1-B175-448D15543F8C}.Release|Any CPU.Build.0 = Release|Any CPU
		{CF5FE6C5-FE2C-4824-9AEC-E4E48D6D5E62}.Debug|Any CPU.ActiveCfg = Debug|Any CPU
		{CF5FE6C5-FE2C-4824-9AEC-E4E48D6D5E62}.Debug|Any CPU.Build.0 = Debug|Any CPU
		{CF5FE6C5-FE2C-4824-9AEC-E4E48D6D5E62}.Release|Any CPU.ActiveCfg = Release|Any CPU
		{CF5FE6C5-FE2C-4824-9AEC-E4E48D6D5E62}.Release|Any CPU.Build.0 = Release|Any CPU
		{849F760C-2A52-4D51-9107-976FBC5DA0DE}.Debug|Any CPU.ActiveCfg = Debug|Any CPU
		{849F760C-2A52-4D51-9107-976FBC5DA0DE}.Debug|Any CPU.Build.0 = Debug|Any CPU
		{849F760C-2A52-4D51-9107-976FBC5DA0DE}.Release|Any CPU.ActiveCfg = Release|Any CPU
		{849F760C-2A52-4D51-9107-976FBC5DA0DE}.Release|Any CPU.Build.0 = Release|Any CPU
		{4389A0C4-1714-4763-B4CE-94D38C23B6B5}.Debug|Any CPU.ActiveCfg = Debug|Any CPU
		{4389A0C4-1714-4763-B4CE-94D38C23B6B5}.Debug|Any CPU.Build.0 = Debug|Any CPU
		{4389A0C4-1714-4763-B4CE-94D38C23B6B5}.Release|Any CPU.ActiveCfg = Release|Any CPU
		{4389A0C4-1714-4763-B4CE-94D38C23B6B5}.Release|Any CPU.Build.0 = Release|Any CPU
		{F2F8DDE9-F6B2-4415-9306-607F7CE45588}.Debug|Any CPU.ActiveCfg = Debug|Any CPU
		{F2F8DDE9-F6B2-4415-9306-607F7CE45588}.Debug|Any CPU.Build.0 = Debug|Any CPU
		{F2F8DDE9-F6B2-4415-9306-607F7CE45588}.Release|Any CPU.ActiveCfg = Release|Any CPU
		{F2F8DDE9-F6B2-4415-9306-607F7CE45588}.Release|Any CPU.Build.0 = Release|Any CPU
		{94E5CFBE-436F-4639-B103-31C607EAF441}.Debug|Any CPU.ActiveCfg = Debug|Any CPU
		{94E5CFBE-436F-4639-B103-31C607EAF441}.Debug|Any CPU.Build.0 = Debug|Any CPU
		{94E5CFBE-436F-4639-B103-31C607EAF441}.Release|Any CPU.ActiveCfg = Release|Any CPU
		{94E5CFBE-436F-4639-B103-31C607EAF441}.Release|Any CPU.Build.0 = Release|Any CPU
		{507825BD-B352-4646-85EA-A893CF3221CF}.Debug|Any CPU.ActiveCfg = Debug|Any CPU
		{507825BD-B352-4646-85EA-A893CF3221CF}.Debug|Any CPU.Build.0 = Debug|Any CPU
		{507825BD-B352-4646-85EA-A893CF3221CF}.Release|Any CPU.ActiveCfg = Release|Any CPU
		{507825BD-B352-4646-85EA-A893CF3221CF}.Release|Any CPU.Build.0 = Release|Any CPU
		{E18147A9-5D72-4101-AC2A-44AF8D710E86}.Debug|Any CPU.ActiveCfg = Debug|Any CPU
		{E18147A9-5D72-4101-AC2A-44AF8D710E86}.Debug|Any CPU.Build.0 = Debug|Any CPU
		{E18147A9-5D72-4101-AC2A-44AF8D710E86}.Release|Any CPU.ActiveCfg = Release|Any CPU
		{E18147A9-5D72-4101-AC2A-44AF8D710E86}.Release|Any CPU.Build.0 = Release|Any CPU
		{9B22DE9A-C927-4B69-B349-D46E1EEBA0BF}.Debug|Any CPU.ActiveCfg = Debug|Any CPU
		{9B22DE9A-C927-4B69-B349-D46E1EEBA0BF}.Debug|Any CPU.Build.0 = Debug|Any CPU
		{9B22DE9A-C927-4B69-B349-D46E1EEBA0BF}.Release|Any CPU.ActiveCfg = Release|Any CPU
		{9B22DE9A-C927-4B69-B349-D46E1EEBA0BF}.Release|Any CPU.Build.0 = Release|Any CPU
		{EE3DA6E0-BD1D-422C-8871-B5423E14D9B1}.Debug|Any CPU.ActiveCfg = Debug|Any CPU
		{EE3DA6E0-BD1D-422C-8871-B5423E14D9B1}.Debug|Any CPU.Build.0 = Debug|Any CPU
		{EE3DA6E0-BD1D-422C-8871-B5423E14D9B1}.Release|Any CPU.ActiveCfg = Release|Any CPU
		{EE3DA6E0-BD1D-422C-8871-B5423E14D9B1}.Release|Any CPU.Build.0 = Release|Any CPU
		{AFEF33F5-295F-463C-A083-CDEDFA72A252}.Debug|Any CPU.ActiveCfg = Debug|Any CPU
		{AFEF33F5-295F-463C-A083-CDEDFA72A252}.Debug|Any CPU.Build.0 = Debug|Any CPU
		{AFEF33F5-295F-463C-A083-CDEDFA72A252}.Release|Any CPU.ActiveCfg = Release|Any CPU
		{AFEF33F5-295F-463C-A083-CDEDFA72A252}.Release|Any CPU.Build.0 = Release|Any CPU
		{A51FA6B0-9E13-4A45-A46F-0BCB667DC995}.Debug|Any CPU.ActiveCfg = Debug|Any CPU
		{A51FA6B0-9E13-4A45-A46F-0BCB667DC995}.Debug|Any CPU.Build.0 = Debug|Any CPU
		{A51FA6B0-9E13-4A45-A46F-0BCB667DC995}.Release|Any CPU.ActiveCfg = Release|Any CPU
		{A51FA6B0-9E13-4A45-A46F-0BCB667DC995}.Release|Any CPU.Build.0 = Release|Any CPU
		{983705E4-101F-4EDA-9B09-9FEF16257CE9}.Debug|Any CPU.ActiveCfg = Debug|Any CPU
		{983705E4-101F-4EDA-9B09-9FEF16257CE9}.Debug|Any CPU.Build.0 = Debug|Any CPU
		{983705E4-101F-4EDA-9B09-9FEF16257CE9}.Release|Any CPU.ActiveCfg = Release|Any CPU
		{983705E4-101F-4EDA-9B09-9FEF16257CE9}.Release|Any CPU.Build.0 = Release|Any CPU
		{F2BC0BDA-3EA2-42EA-A900-2A381EB650B8}.Debug|Any CPU.ActiveCfg = Debug|Any CPU
		{F2BC0BDA-3EA2-42EA-A900-2A381EB650B8}.Debug|Any CPU.Build.0 = Debug|Any CPU
		{F2BC0BDA-3EA2-42EA-A900-2A381EB650B8}.Release|Any CPU.ActiveCfg = Release|Any CPU
		{F2BC0BDA-3EA2-42EA-A900-2A381EB650B8}.Release|Any CPU.Build.0 = Release|Any CPU
		{EDEB6423-64ED-462A-BFAB-270EE436944D}.Debug|Any CPU.ActiveCfg = Debug|Any CPU
		{EDEB6423-64ED-462A-BFAB-270EE436944D}.Debug|Any CPU.Build.0 = Debug|Any CPU
		{EDEB6423-64ED-462A-BFAB-270EE436944D}.Release|Any CPU.ActiveCfg = Release|Any CPU
		{EDEB6423-64ED-462A-BFAB-270EE436944D}.Release|Any CPU.Build.0 = Release|Any CPU
		{9D7D6527-1E06-4457-8D8A-D7A6A91F2C7A}.Debug|Any CPU.ActiveCfg = Debug|Any CPU
		{9D7D6527-1E06-4457-8D8A-D7A6A91F2C7A}.Debug|Any CPU.Build.0 = Debug|Any CPU
		{9D7D6527-1E06-4457-8D8A-D7A6A91F2C7A}.Release|Any CPU.ActiveCfg = Release|Any CPU
		{9D7D6527-1E06-4457-8D8A-D7A6A91F2C7A}.Release|Any CPU.Build.0 = Release|Any CPU
		{31864311-83DA-4F7D-9DC1-3D8C1E667BAD}.Debug|Any CPU.ActiveCfg = Debug|Any CPU
		{31864311-83DA-4F7D-9DC1-3D8C1E667BAD}.Debug|Any CPU.Build.0 = Debug|Any CPU
		{31864311-83DA-4F7D-9DC1-3D8C1E667BAD}.Release|Any CPU.ActiveCfg = Release|Any CPU
		{31864311-83DA-4F7D-9DC1-3D8C1E667BAD}.Release|Any CPU.Build.0 = Release|Any CPU
		{67A25A30-9D91-4D51-9B79-AD1BE08BDEB9}.Debug|Any CPU.ActiveCfg = Debug|Any CPU
		{67A25A30-9D91-4D51-9B79-AD1BE08BDEB9}.Debug|Any CPU.Build.0 = Debug|Any CPU
		{67A25A30-9D91-4D51-9B79-AD1BE08BDEB9}.Release|Any CPU.ActiveCfg = Release|Any CPU
		{67A25A30-9D91-4D51-9B79-AD1BE08BDEB9}.Release|Any CPU.Build.0 = Release|Any CPU
		{AFA214FC-3902-40D6-95E5-DD8516C61926}.Debug|Any CPU.ActiveCfg = Debug|Any CPU
		{AFA214FC-3902-40D6-95E5-DD8516C61926}.Debug|Any CPU.Build.0 = Debug|Any CPU
		{AFA214FC-3902-40D6-95E5-DD8516C61926}.Release|Any CPU.ActiveCfg = Release|Any CPU
		{AFA214FC-3902-40D6-95E5-DD8516C61926}.Release|Any CPU.Build.0 = Release|Any CPU
		{9003CD4C-3B5C-4BF7-83C3-37C078209476}.Debug|Any CPU.ActiveCfg = Debug|Any CPU
		{9003CD4C-3B5C-4BF7-83C3-37C078209476}.Debug|Any CPU.Build.0 = Debug|Any CPU
		{9003CD4C-3B5C-4BF7-83C3-37C078209476}.Release|Any CPU.ActiveCfg = Release|Any CPU
		{9003CD4C-3B5C-4BF7-83C3-37C078209476}.Release|Any CPU.Build.0 = Release|Any CPU
		{9C12BDF1-4745-4B3F-9979-B61CCAB93E9D}.Debug|Any CPU.ActiveCfg = Debug|Any CPU
		{9C12BDF1-4745-4B3F-9979-B61CCAB93E9D}.Debug|Any CPU.Build.0 = Debug|Any CPU
		{9C12BDF1-4745-4B3F-9979-B61CCAB93E9D}.Release|Any CPU.ActiveCfg = Release|Any CPU
		{9C12BDF1-4745-4B3F-9979-B61CCAB93E9D}.Release|Any CPU.Build.0 = Release|Any CPU
		{8A110FDF-BF6A-4C78-A1DF-326E7CABC7D4}.Debug|Any CPU.ActiveCfg = Debug|Any CPU
		{8A110FDF-BF6A-4C78-A1DF-326E7CABC7D4}.Debug|Any CPU.Build.0 = Debug|Any CPU
		{8A110FDF-BF6A-4C78-A1DF-326E7CABC7D4}.Release|Any CPU.ActiveCfg = Release|Any CPU
		{8A110FDF-BF6A-4C78-A1DF-326E7CABC7D4}.Release|Any CPU.Build.0 = Release|Any CPU
		{3087C7AA-17B7-4187-8AB4-7ADB1038C0D8}.Debug|Any CPU.ActiveCfg = Debug|Any CPU
		{3087C7AA-17B7-4187-8AB4-7ADB1038C0D8}.Debug|Any CPU.Build.0 = Debug|Any CPU
		{3087C7AA-17B7-4187-8AB4-7ADB1038C0D8}.Release|Any CPU.ActiveCfg = Release|Any CPU
		{3087C7AA-17B7-4187-8AB4-7ADB1038C0D8}.Release|Any CPU.Build.0 = Release|Any CPU
	EndGlobalSection
	GlobalSection(NestedProjects) = preSolution
		{50A2B676-5383-4A7A-A6F4-852D7D5C5342} = {AC56DAD8-C5AB-4E41-A280-1BCC08A2BE60}
		{D71E1E01-64CE-490E-B5B6-0BA432B805C7} = {F2F8BC8B-5122-4D63-9D90-2FDF5C6E7F7A}
		{930E63CA-E2F0-4465-9732-0B58499E6D2F} = {310D0E30-AC20-44C8-B0A2-155C880ED934}
		{A93D4EAE-90BE-4C9B-9970-5C1C8E1B994D} = {310D0E30-AC20-44C8-B0A2-155C880ED934}
		{B37055D3-4031-4FF1-9668-926D0431BCCE} = {AC56DAD8-C5AB-4E41-A280-1BCC08A2BE60}
		{57E821A6-AE7A-40E4-9C32-23A26E90102E} = {AC56DAD8-C5AB-4E41-A280-1BCC08A2BE60}
		{26293D9D-5A8A-4438-8446-192C9A1E3727} = {A2A27924-EED0-4A13-B7F2-949F11F9F9B6}
		{E2CA82E6-F762-4208-8ABC-CF464404FED2} = {AC56DAD8-C5AB-4E41-A280-1BCC08A2BE60}
		{18CD3533-6778-46E1-B175-448D15543F8C} = {310D0E30-AC20-44C8-B0A2-155C880ED934}
		{CF5FE6C5-FE2C-4824-9AEC-E4E48D6D5E62} = {AC56DAD8-C5AB-4E41-A280-1BCC08A2BE60}
		{849F760C-2A52-4D51-9107-976FBC5DA0DE} = {AC56DAD8-C5AB-4E41-A280-1BCC08A2BE60}
		{4389A0C4-1714-4763-B4CE-94D38C23B6B5} = {195205BB-D2B1-4638-B3F9-CDC15AFDD9A5}
		{F2F8DDE9-F6B2-4415-9306-607F7CE45588} = {AC56DAD8-C5AB-4E41-A280-1BCC08A2BE60}
		{94E5CFBE-436F-4639-B103-31C607EAF441} = {AC56DAD8-C5AB-4E41-A280-1BCC08A2BE60}
		{507825BD-B352-4646-85EA-A893CF3221CF} = {AC56DAD8-C5AB-4E41-A280-1BCC08A2BE60}
		{E18147A9-5D72-4101-AC2A-44AF8D710E86} = {AC56DAD8-C5AB-4E41-A280-1BCC08A2BE60}
		{9B22DE9A-C927-4B69-B349-D46E1EEBA0BF} = {310D0E30-AC20-44C8-B0A2-155C880ED934}
		{EE3DA6E0-BD1D-422C-8871-B5423E14D9B1} = {310D0E30-AC20-44C8-B0A2-155C880ED934}
		{AFEF33F5-295F-463C-A083-CDEDFA72A252} = {310D0E30-AC20-44C8-B0A2-155C880ED934}
		{A51FA6B0-9E13-4A45-A46F-0BCB667DC995} = {AC56DAD8-C5AB-4E41-A280-1BCC08A2BE60}
		{983705E4-101F-4EDA-9B09-9FEF16257CE9} = {AC56DAD8-C5AB-4E41-A280-1BCC08A2BE60}
		{F2BC0BDA-3EA2-42EA-A900-2A381EB650B8} = {310D0E30-AC20-44C8-B0A2-155C880ED934}
		{EDEB6423-64ED-462A-BFAB-270EE436944D} = {310D0E30-AC20-44C8-B0A2-155C880ED934}
		{9D7D6527-1E06-4457-8D8A-D7A6A91F2C7A} = {310D0E30-AC20-44C8-B0A2-155C880ED934}
		{31864311-83DA-4F7D-9DC1-3D8C1E667BAD} = {310D0E30-AC20-44C8-B0A2-155C880ED934}
		{67A25A30-9D91-4D51-9B79-AD1BE08BDEB9} = {AC56DAD8-C5AB-4E41-A280-1BCC08A2BE60}
		{AFA214FC-3902-40D6-95E5-DD8516C61926} = {AC56DAD8-C5AB-4E41-A280-1BCC08A2BE60}
		{9003CD4C-3B5C-4BF7-83C3-37C078209476} = {AC56DAD8-C5AB-4E41-A280-1BCC08A2BE60}
		{9C12BDF1-4745-4B3F-9979-B61CCAB93E9D} = {AC56DAD8-C5AB-4E41-A280-1BCC08A2BE60}
		{8A110FDF-BF6A-4C78-A1DF-326E7CABC7D4} = {AC56DAD8-C5AB-4E41-A280-1BCC08A2BE60}
		{3087C7AA-17B7-4187-8AB4-7ADB1038C0D8} = {310D0E30-AC20-44C8-B0A2-155C880ED934}
	EndGlobalSection
EndGlobal
