
Microsoft Visual Studio Solution File, Format Version 12.00
Project("{2150E333-8FDC-42A3-9474-1A3956D46DE8}") = "src", "src", "{AC56DAD8-C5AB-4E41-A280-1BCC08A2BE60}"
EndProject
Project("{FAE04EC0-301F-11D3-BF4B-00C04F79EFBC}") = "Fake.Core", "src\Fake.Core\Fake.Core.csproj", "{50A2B676-5383-4A7A-A6F4-852D7D5C5342}"
EndProject
Project("{2150E333-8FDC-42A3-9474-1A3956D46DE8}") = "benchmarks", "benchmarks", "{F2F8BC8B-5122-4D63-9D90-2FDF5C6E7F7A}"
EndProject
Project("{FAE04EC0-301F-11D3-BF4B-00C04F79EFBC}") = "Fake.Core.Benchmarks", "benchmarks\Fake.Core.Benchmarks\Fake.Core.Benchmarks.csproj", "{D71E1E01-64CE-490E-B5B6-0BA432B805C7}"
EndProject
Project("{2150E333-8FDC-42A3-9474-1A3956D46DE8}") = "tests", "tests", "{310D0E30-AC20-44C8-B0A2-155C880ED934}"
EndProject
Project("{FAE04EC0-301F-11D3-BF4B-00C04F79EFBC}") = "Fake.Core.Tests", "tests\Fake.Core.Tests\Fake.Core.Tests.csproj", "{930E63CA-E2F0-4465-9732-0B58499E6D2F}"
EndProject
Project("{FAE04EC0-301F-11D3-BF4B-00C04F79EFBC}") = "AFakeTestEntry", "tests\AFakeTestEntry\AFakeTestEntry.csproj", "{A93D4EAE-90BE-4C9B-9970-5C1C8E1B994D}"
EndProject
Project("{FAE04EC0-301F-11D3-BF4B-00C04F79EFBC}") = "Fake.Auditing", "src\Fake.Auditing\Fake.Auditing.csproj", "{B37055D3-4031-4FF1-9668-926D0431BCCE}"
EndProject
Project("{2150E333-8FDC-42A3-9474-1A3956D46DE8}") = "solution items", "solution items", "{39FED9F7-23E6-43A4-B478-B914A2E805D0}"
	ProjectSection(SolutionItems) = preProject
		NuGet.Config = NuGet.Config
		.gitignore = .gitignore
		README.md = README.md
		common.props = common.props
		common.test.props = common.test.props
		common.toolkit.props = common.toolkit.props
		configureawait.props = configureawait.props
		Directory.Build.props = Directory.Build.props
	EndProjectSection
EndProject
Project("{FAE04EC0-301F-11D3-BF4B-00C04F79EFBC}") = "Fake.AspNetCore", "src\Fake.AspNetCore\Fake.AspNetCore.csproj", "{57E821A6-AE7A-40E4-9C32-23A26E90102E}"
EndProject
Project("{2150E333-8FDC-42A3-9474-1A3956D46DE8}") = "toolkit", "toolkit", "{A2A27924-EED0-4A13-B7F2-949F11F9F9B6}"
EndProject
Project("{FAE04EC0-301F-11D3-BF4B-00C04F79EFBC}") = "Faker.ReplaceFileName", "toolkit\Faker.ReplaceFileName\Faker.ReplaceFileName.csproj", "{26293D9D-5A8A-4438-8446-192C9A1E3727}"
EndProject
Project("{FAE04EC0-301F-11D3-BF4B-00C04F79EFBC}") = "Fake.Auditing.Contacts", "src\Fake.Auditing.Contacts\Fake.Auditing.Contacts.csproj", "{B2664E24-8EDD-4F59-BAFB-97DB1C3BE26E}"
EndProject
Project("{FAE04EC0-301F-11D3-BF4B-00C04F79EFBC}") = "Fake.Castle", "src\Fake.Castle\Fake.Castle.csproj", "{E2CA82E6-F762-4208-8ABC-CF464404FED2}"
EndProject
Project("{FAE04EC0-301F-11D3-BF4B-00C04F79EFBC}") = "Fake.Auditing.Tests", "tests\Fake.Auditing.Tests\Fake.Auditing.Tests.csproj", "{18CD3533-6778-46E1-B175-448D15543F8C}"
EndProject
Project("{FAE04EC0-301F-11D3-BF4B-00C04F79EFBC}") = "Fake.Testing", "src\Fake.Testing\Fake.Testing.csproj", "{CF5FE6C5-FE2C-4824-9AEC-E4E48D6D5E62}"
EndProject
Global
	GlobalSection(SolutionConfigurationPlatforms) = preSolution
		Debug|Any CPU = Debug|Any CPU
		Release|Any CPU = Release|Any CPU
	EndGlobalSection
	GlobalSection(ProjectConfigurationPlatforms) = postSolution
		{50A2B676-5383-4A7A-A6F4-852D7D5C5342}.Debug|Any CPU.ActiveCfg = Debug|Any CPU
		{50A2B676-5383-4A7A-A6F4-852D7D5C5342}.Debug|Any CPU.Build.0 = Debug|Any CPU
		{50A2B676-5383-4A7A-A6F4-852D7D5C5342}.Release|Any CPU.ActiveCfg = Release|Any CPU
		{50A2B676-5383-4A7A-A6F4-852D7D5C5342}.Release|Any CPU.Build.0 = Release|Any CPU
		{D71E1E01-64CE-490E-B5B6-0BA432B805C7}.Debug|Any CPU.ActiveCfg = Debug|Any CPU
		{D71E1E01-64CE-490E-B5B6-0BA432B805C7}.Debug|Any CPU.Build.0 = Debug|Any CPU
		{D71E1E01-64CE-490E-B5B6-0BA432B805C7}.Release|Any CPU.ActiveCfg = Release|Any CPU
		{D71E1E01-64CE-490E-B5B6-0BA432B805C7}.Release|Any CPU.Build.0 = Release|Any CPU
		{930E63CA-E2F0-4465-9732-0B58499E6D2F}.Debug|Any CPU.ActiveCfg = Debug|Any CPU
		{930E63CA-E2F0-4465-9732-0B58499E6D2F}.Debug|Any CPU.Build.0 = Debug|Any CPU
		{930E63CA-E2F0-4465-9732-0B58499E6D2F}.Release|Any CPU.ActiveCfg = Release|Any CPU
		{930E63CA-E2F0-4465-9732-0B58499E6D2F}.Release|Any CPU.Build.0 = Release|Any CPU
		{A93D4EAE-90BE-4C9B-9970-5C1C8E1B994D}.Debug|Any CPU.ActiveCfg = Debug|Any CPU
		{A93D4EAE-90BE-4C9B-9970-5C1C8E1B994D}.Debug|Any CPU.Build.0 = Debug|Any CPU
		{A93D4EAE-90BE-4C9B-9970-5C1C8E1B994D}.Release|Any CPU.ActiveCfg = Release|Any CPU
		{A93D4EAE-90BE-4C9B-9970-5C1C8E1B994D}.Release|Any CPU.Build.0 = Release|Any CPU
		{B37055D3-4031-4FF1-9668-926D0431BCCE}.Debug|Any CPU.ActiveCfg = Debug|Any CPU
		{B37055D3-4031-4FF1-9668-926D0431BCCE}.Debug|Any CPU.Build.0 = Debug|Any CPU
		{B37055D3-4031-4FF1-9668-926D0431BCCE}.Release|Any CPU.ActiveCfg = Release|Any CPU
		{B37055D3-4031-4FF1-9668-926D0431BCCE}.Release|Any CPU.Build.0 = Release|Any CPU
		{57E821A6-AE7A-40E4-9C32-23A26E90102E}.Debug|Any CPU.ActiveCfg = Debug|Any CPU
		{57E821A6-AE7A-40E4-9C32-23A26E90102E}.Debug|Any CPU.Build.0 = Debug|Any CPU
		{57E821A6-AE7A-40E4-9C32-23A26E90102E}.Release|Any CPU.ActiveCfg = Release|Any CPU
		{57E821A6-AE7A-40E4-9C32-23A26E90102E}.Release|Any CPU.Build.0 = Release|Any CPU
		{26293D9D-5A8A-4438-8446-192C9A1E3727}.Debug|Any CPU.ActiveCfg = Debug|Any CPU
		{26293D9D-5A8A-4438-8446-192C9A1E3727}.Debug|Any CPU.Build.0 = Debug|Any CPU
		{26293D9D-5A8A-4438-8446-192C9A1E3727}.Release|Any CPU.ActiveCfg = Release|Any CPU
		{26293D9D-5A8A-4438-8446-192C9A1E3727}.Release|Any CPU.Build.0 = Release|Any CPU
		{B2664E24-8EDD-4F59-BAFB-97DB1C3BE26E}.Debug|Any CPU.ActiveCfg = Debug|Any CPU
		{B2664E24-8EDD-4F59-BAFB-97DB1C3BE26E}.Debug|Any CPU.Build.0 = Debug|Any CPU
		{B2664E24-8EDD-4F59-BAFB-97DB1C3BE26E}.Release|Any CPU.ActiveCfg = Release|Any CPU
		{B2664E24-8EDD-4F59-BAFB-97DB1C3BE26E}.Release|Any CPU.Build.0 = Release|Any CPU
		{E2CA82E6-F762-4208-8ABC-CF464404FED2}.Debug|Any CPU.ActiveCfg = Debug|Any CPU
		{E2CA82E6-F762-4208-8ABC-CF464404FED2}.Debug|Any CPU.Build.0 = Debug|Any CPU
		{E2CA82E6-F762-4208-8ABC-CF464404FED2}.Release|Any CPU.ActiveCfg = Release|Any CPU
		{E2CA82E6-F762-4208-8ABC-CF464404FED2}.Release|Any CPU.Build.0 = Release|Any CPU
		{18CD3533-6778-46E1-B175-448D15543F8C}.Debug|Any CPU.ActiveCfg = Debug|Any CPU
		{18CD3533-6778-46E1-B175-448D15543F8C}.Debug|Any CPU.Build.0 = Debug|Any CPU
		{18CD3533-6778-46E1-B175-448D15543F8C}.Release|Any CPU.ActiveCfg = Release|Any CPU
		{18CD3533-6778-46E1-B175-448D15543F8C}.Release|Any CPU.Build.0 = Release|Any CPU
		{CF5FE6C5-FE2C-4824-9AEC-E4E48D6D5E62}.Debug|Any CPU.ActiveCfg = Debug|Any CPU
		{CF5FE6C5-FE2C-4824-9AEC-E4E48D6D5E62}.Debug|Any CPU.Build.0 = Debug|Any CPU
		{CF5FE6C5-FE2C-4824-9AEC-E4E48D6D5E62}.Release|Any CPU.ActiveCfg = Release|Any CPU
		{CF5FE6C5-FE2C-4824-9AEC-E4E48D6D5E62}.Release|Any CPU.Build.0 = Release|Any CPU
	EndGlobalSection
	GlobalSection(NestedProjects) = preSolution
		{50A2B676-5383-4A7A-A6F4-852D7D5C5342} = {AC56DAD8-C5AB-4E41-A280-1BCC08A2BE60}
		{D71E1E01-64CE-490E-B5B6-0BA432B805C7} = {F2F8BC8B-5122-4D63-9D90-2FDF5C6E7F7A}
		{930E63CA-E2F0-4465-9732-0B58499E6D2F} = {310D0E30-AC20-44C8-B0A2-155C880ED934}
		{A93D4EAE-90BE-4C9B-9970-5C1C8E1B994D} = {310D0E30-AC20-44C8-B0A2-155C880ED934}
		{B37055D3-4031-4FF1-9668-926D0431BCCE} = {AC56DAD8-C5AB-4E41-A280-1BCC08A2BE60}
		{57E821A6-AE7A-40E4-9C32-23A26E90102E} = {AC56DAD8-C5AB-4E41-A280-1BCC08A2BE60}
		{26293D9D-5A8A-4438-8446-192C9A1E3727} = {A2A27924-EED0-4A13-B7F2-949F11F9F9B6}
		{B2664E24-8EDD-4F59-BAFB-97DB1C3BE26E} = {AC56DAD8-C5AB-4E41-A280-1BCC08A2BE60}
		{E2CA82E6-F762-4208-8ABC-CF464404FED2} = {AC56DAD8-C5AB-4E41-A280-1BCC08A2BE60}
		{18CD3533-6778-46E1-B175-448D15543F8C} = {310D0E30-AC20-44C8-B0A2-155C880ED934}
		{CF5FE6C5-FE2C-4824-9AEC-E4E48D6D5E62} = {AC56DAD8-C5AB-4E41-A280-1BCC08A2BE60}
	EndGlobalSection
EndGlobal
